
Microsoft Visual Studio Solution File, Format Version 12.00
# Visual Studio Version 16
VisualStudioVersion = 16.0.29001.49
MinimumVisualStudioVersion = 10.0.40219.1
Project("{FAE04EC0-301F-11D3-BF4B-00C04F79EFBC}") = "medias", "medias\medias.csproj", "{02A1C944-847D-49D0-9197-C23C907AFADD}"
EndProject
Global
	GlobalSection(SolutionConfigurationPlatforms) = preSolution
		Debug|Any CPU = Debug|Any CPU
		Release|Any CPU = Release|Any CPU
	EndGlobalSection
	GlobalSection(ProjectConfigurationPlatforms) = postSolution
		{02A1C944-847D-49D0-9197-C23C907AFADD}.Debug|Any CPU.ActiveCfg = Debug|Any CPU
		{02A1C944-847D-49D0-9197-C23C907AFADD}.Debug|Any CPU.Build.0 = Debug|Any CPU
		{02A1C944-847D-49D0-9197-C23C907AFADD}.Release|Any CPU.ActiveCfg = Release|Any CPU
		{02A1C944-847D-49D0-9197-C23C907AFADD}.Release|Any CPU.Build.0 = Release|Any CPU
	EndGlobalSection
	GlobalSection(SolutionProperties) = preSolution
		HideSolutionNode = FALSE
	EndGlobalSection
	GlobalSection(ExtensibilityGlobals) = postSolution
		SolutionGuid = {5E5117FE-48D9-45CE-9A04-82671A1458AF}
	EndGlobalSection
EndGlobal
